
Microsoft Visual Studio Solution File, Format Version 12.00
# Visual Studio Version 17
VisualStudioVersion = 17.0.32112.339
MinimumVisualStudioVersion = 10.0.40219.1
Project("{FAE04EC0-301F-11D3-BF4B-00C04F79EFBC}") = "Battle Cats Game Modder", "Battle Cats Game Modder\Battle Cats Game Modder.csproj", "{3AB330F1-F441-4EB9-A913-DCB7431DB507}"
EndProject
Global
	GlobalSection(SolutionConfigurationPlatforms) = preSolution
		Debug|Any CPU = Debug|Any CPU
		Release|Any CPU = Release|Any CPU
	EndGlobalSection
	GlobalSection(ProjectConfigurationPlatforms) = postSolution
		{3AB330F1-F441-4EB9-A913-DCB7431DB507}.Debug|Any CPU.ActiveCfg = Debug|Any CPU
		{3AB330F1-F441-4EB9-A913-DCB7431DB507}.Debug|Any CPU.Build.0 = Debug|Any CPU
		{3AB330F1-F441-4EB9-A913-DCB7431DB507}.Release|Any CPU.ActiveCfg = Release|Any CPU
		{3AB330F1-F441-4EB9-A913-DCB7431DB507}.Release|Any CPU.Build.0 = Release|Any CPU
	EndGlobalSection
	GlobalSection(SolutionProperties) = preSolution
		HideSolutionNode = FALSE
	EndGlobalSection
	GlobalSection(ExtensibilityGlobals) = postSolution
		SolutionGuid = {16DDFC29-44F3-4BBB-B21B-5990FE25563A}
	EndGlobalSection
EndGlobal
